github.com/JMThomas00/Concord/sdk v0.10.0 h1:70PJKZrUcDiGkveg7qcq6HwiwoapkpD06AiAw8N4nbU=
github.com/JMThomas00/Concord/sdk v0.10.0/go.mod h1:hJyvQwgoXihZyKbGDb9XgPkWZ5gpu02dFY75NH6J1TA=
github.com/google/uuid v1.6.0 h1:NIvaJDMOsjHA8n1jAhLSgzrAzy1Hgr+hNrb57e+94F0=
github.com/google/uuid v1.6.0/go.mod h1:TIyPZe4MgqvfeYDBFedMoGGpEw/LqOeaOT+nhxU+yHo=
github.com/gorilla/websocket v1.5.3 h1:saDtZ6Pbx/0u+bgYQ3q96pZgCzfhKXGPqt7kZ72aNNg=
github.com/gorilla/websocket v1.5.3/go.mod h1:YR8l580nyteQvAITg2hZ9XVh4b55+EU/adAjf1fMHhE=
